
Microsoft Visual Studio Solution File, Format Version 12.00
# Visual Studio 14
VisualStudioVersion = 14.0.25420.1
MinimumVisualStudioVersion = 10.0.40219.1
Project("{FAE04EC0-301F-11D3-BF4B-00C04F79EFBC}") = "Appurka.Droid", "Appurka\Appurka.Droid\Appurka.Droid.csproj", "{A0F65705-8262-49B3-84C8-D740BD3FD96C}"
EndProject
Project("{FAE04EC0-301F-11D3-BF4B-00C04F79EFBC}") = "Appurka.iOS", "Appurka\Appurka.iOS\Appurka.iOS.csproj", "{756F3D76-B2F9-4118-A298-CE80F26392F5}"
EndProject
Project("{FAE04EC0-301F-11D3-BF4B-00C04F79EFBC}") = "Appurka.WinPhone", "Appurka\Appurka.WinPhone\Appurka.WinPhone.csproj", "{024FDE99-999F-496D-9C17-42534A4C2B61}"
EndProject
Project("{FAE04EC0-301F-11D3-BF4B-00C04F79EFBC}") = "Appurka.UWP", "Appurka\Appurka.UWP\Appurka.UWP.csproj", "{62591B0F-91C4-4A93-BF49-3B99251CE067}"
EndProject
Project("{FAE04EC0-301F-11D3-BF4B-00C04F79EFBC}") = "Appurka.Windows", "Appurka\Appurka.Windows\Appurka.Windows.csproj", "{AF783929-99B0-4F7B-BE2B-742AE24752BA}"
EndProject
Project("{FAE04EC0-301F-11D3-BF4B-00C04F79EFBC}") = "Appurka", "Appurka\Appurka\Appurka.csproj", "{E089F371-1AF9-4C85-B733-662C83E20C89}"
EndProject
Project("{2150E333-8FDC-42A3-9474-1A3956D46DE8}") = "Portables", "Portables", "{F28086D8-AD29-4F4B-AE49-26C75FC57F97}"
EndProject
Project("{FAE04EC0-301F-11D3-BF4B-00C04F79EFBC}") = "Appurka.Models", "Appurka.Models\Appurka.Models.csproj", "{5D507D47-6E5F-4FDD-8D0A-A63416C89604}"
EndProject
Project("{FAE04EC0-301F-11D3-BF4B-00C04F79EFBC}") = "Appurka.Services", "Appurka.Services\Appurka.Services.csproj", "{29C1C150-16E5-4474-9864-F0D02A80EC04}"
EndProject
Global
	GlobalSection(SolutionConfigurationPlatforms) = preSolution
		Ad-Hoc|Any CPU = Ad-Hoc|Any CPU
		Ad-Hoc|ARM = Ad-Hoc|ARM
		Ad-Hoc|iPhone = Ad-Hoc|iPhone
		Ad-Hoc|iPhoneSimulator = Ad-Hoc|iPhoneSimulator
		Ad-Hoc|x64 = Ad-Hoc|x64
		Ad-Hoc|x86 = Ad-Hoc|x86
		AppStore|Any CPU = AppStore|Any CPU
		AppStore|ARM = AppStore|ARM
		AppStore|iPhone = AppStore|iPhone
		AppStore|iPhoneSimulator = AppStore|iPhoneSimulator
		AppStore|x64 = AppStore|x64
		AppStore|x86 = AppStore|x86
		Debug|Any CPU = Debug|Any CPU
		Debug|ARM = Debug|ARM
		Debug|iPhone = Debug|iPhone
		Debug|iPhoneSimulator = Debug|iPhoneSimulator
		Debug|x64 = Debug|x64
		Debug|x86 = Debug|x86
		Release|Any CPU = Release|Any CPU
		Release|ARM = Release|ARM
		Release|iPhone = Release|iPhone
		Release|iPhoneSimulator = Release|iPhoneSimulator
		Release|x64 = Release|x64
		Release|x86 = Release|x86
	EndGlobalSection
	GlobalSection(ProjectConfigurationPlatforms) = postSolution
		{A0F65705-8262-49B3-84C8-D740BD3FD96C}.Ad-Hoc|Any CPU.ActiveCfg = Release|Any CPU
		{A0F65705-8262-49B3-84C8-D740BD3FD96C}.Ad-Hoc|Any CPU.Build.0 = Release|Any CPU
		{A0F65705-8262-49B3-84C8-D740BD3FD96C}.Ad-Hoc|Any CPU.Deploy.0 = Release|Any CPU
		{A0F65705-8262-49B3-84C8-D740BD3FD96C}.Ad-Hoc|ARM.ActiveCfg = Release|Any CPU
		{A0F65705-8262-49B3-84C8-D740BD3FD96C}.Ad-Hoc|ARM.Build.0 = Release|Any CPU
		{A0F65705-8262-49B3-84C8-D740BD3FD96C}.Ad-Hoc|ARM.Deploy.0 = Release|Any CPU
		{A0F65705-8262-49B3-84C8-D740BD3FD96C}.Ad-Hoc|iPhone.ActiveCfg = Release|Any CPU
		{A0F65705-8262-49B3-84C8-D740BD3FD96C}.Ad-Hoc|iPhone.Build.0 = Release|Any CPU
		{A0F65705-8262-49B3-84C8-D740BD3FD96C}.Ad-Hoc|iPhone.Deploy.0 = Release|Any CPU
		{A0F65705-8262-49B3-84C8-D740BD3FD96C}.Ad-Hoc|iPhoneSimulator.ActiveCfg = Release|Any CPU
		{A0F65705-8262-49B3-84C8-D740BD3FD96C}.Ad-Hoc|iPhoneSimulator.Build.0 = Release|Any CPU
		{A0F65705-8262-49B3-84C8-D740BD3FD96C}.Ad-Hoc|iPhoneSimulator.Deploy.0 = Release|Any CPU
		{A0F65705-8262-49B3-84C8-D740BD3FD96C}.Ad-Hoc|x64.ActiveCfg = Release|Any CPU
		{A0F65705-8262-49B3-84C8-D740BD3FD96C}.Ad-Hoc|x64.Build.0 = Release|Any CPU
		{A0F65705-8262-49B3-84C8-D740BD3FD96C}.Ad-Hoc|x64.Deploy.0 = Release|Any CPU
		{A0F65705-8262-49B3-84C8-D740BD3FD96C}.Ad-Hoc|x86.ActiveCfg = Release|Any CPU
		{A0F65705-8262-49B3-84C8-D740BD3FD96C}.Ad-Hoc|x86.Build.0 = Release|Any CPU
		{A0F65705-8262-49B3-84C8-D740BD3FD96C}.Ad-Hoc|x86.Deploy.0 = Release|Any CPU
		{A0F65705-8262-49B3-84C8-D740BD3FD96C}.AppStore|Any CPU.ActiveCfg = Release|Any CPU
		{A0F65705-8262-49B3-84C8-D740BD3FD96C}.AppStore|Any CPU.Build.0 = Release|Any CPU
		{A0F65705-8262-49B3-84C8-D740BD3FD96C}.AppStore|Any CPU.Deploy.0 = Release|Any CPU
		{A0F65705-8262-49B3-84C8-D740BD3FD96C}.AppStore|ARM.ActiveCfg = Release|Any CPU
		{A0F65705-8262-49B3-84C8-D740BD3FD96C}.AppStore|ARM.Build.0 = Release|Any CPU
		{A0F65705-8262-49B3-84C8-D740BD3FD96C}.AppStore|ARM.Deploy.0 = Release|Any CPU
		{A0F65705-8262-49B3-84C8-D740BD3FD96C}.AppStore|iPhone.ActiveCfg = Release|Any CPU
		{A0F65705-8262-49B3-84C8-D740BD3FD96C}.AppStore|iPhone.Build.0 = Release|Any CPU
		{A0F65705-8262-49B3-84C8-D740BD3FD96C}.AppStore|iPhone.Deploy.0 = Release|Any CPU
		{A0F65705-8262-49B3-84C8-D740BD3FD96C}.AppStore|iPhoneSimulator.ActiveCfg = Release|Any CPU
		{A0F65705-8262-49B3-84C8-D740BD3FD96C}.AppStore|iPhoneSimulator.Build.0 = Release|Any CPU
		{A0F65705-8262-49B3-84C8-D740BD3FD96C}.AppStore|iPhoneSimulator.Deploy.0 = Release|Any CPU
		{A0F65705-8262-49B3-84C8-D740BD3FD96C}.AppStore|x64.ActiveCfg = Release|Any CPU
		{A0F65705-8262-49B3-84C8-D740BD3FD96C}.AppStore|x64.Build.0 = Release|Any CPU
		{A0F65705-8262-49B3-84C8-D740BD3FD96C}.AppStore|x64.Deploy.0 = Release|Any CPU
		{A0F65705-8262-49B3-84C8-D740BD3FD96C}.AppStore|x86.ActiveCfg = Release|Any CPU
		{A0F65705-8262-49B3-84C8-D740BD3FD96C}.AppStore|x86.Build.0 = Release|Any CPU
		{A0F65705-8262-49B3-84C8-D740BD3FD96C}.AppStore|x86.Deploy.0 = Release|Any CPU
		{A0F65705-8262-49B3-84C8-D740BD3FD96C}.Debug|Any CPU.ActiveCfg = Debug|Any CPU
		{A0F65705-8262-49B3-84C8-D740BD3FD96C}.Debug|Any CPU.Build.0 = Debug|Any CPU
		{A0F65705-8262-49B3-84C8-D740BD3FD96C}.Debug|Any CPU.Deploy.0 = Debug|Any CPU
		{A0F65705-8262-49B3-84C8-D740BD3FD96C}.Debug|ARM.ActiveCfg = Debug|Any CPU
		{A0F65705-8262-49B3-84C8-D740BD3FD96C}.Debug|ARM.Build.0 = Debug|Any CPU
		{A0F65705-8262-49B3-84C8-D740BD3FD96C}.Debug|ARM.Deploy.0 = Debug|Any CPU
		{A0F65705-8262-49B3-84C8-D740BD3FD96C}.Debug|iPhone.ActiveCfg = Debug|Any CPU
		{A0F65705-8262-49B3-84C8-D740BD3FD96C}.Debug|iPhone.Build.0 = Debug|Any CPU
		{A0F65705-8262-49B3-84C8-D740BD3FD96C}.Debug|iPhone.Deploy.0 = Debug|Any CPU
		{A0F65705-8262-49B3-84C8-D740BD3FD96C}.Debug|iPhoneSimulator.ActiveCfg = Debug|Any CPU
		{A0F65705-8262-49B3-84C8-D740BD3FD96C}.Debug|iPhoneSimulator.Build.0 = Debug|Any CPU
		{A0F65705-8262-49B3-84C8-D740BD3FD96C}.Debug|iPhoneSimulator.Deploy.0 = Debug|Any CPU
		{A0F65705-8262-49B3-84C8-D740BD3FD96C}.Debug|x64.ActiveCfg = Debug|Any CPU
		{A0F65705-8262-49B3-84C8-D740BD3FD96C}.Debug|x64.Build.0 = Debug|Any CPU
		{A0F65705-8262-49B3-84C8-D740BD3FD96C}.Debug|x64.Deploy.0 = Debug|Any CPU
		{A0F65705-8262-49B3-84C8-D740BD3FD96C}.Debug|x86.ActiveCfg = Debug|Any CPU
		{A0F65705-8262-49B3-84C8-D740BD3FD96C}.Debug|x86.Build.0 = Debug|Any CPU
		{A0F65705-8262-49B3-84C8-D740BD3FD96C}.Debug|x86.Deploy.0 = Debug|Any CPU
		{A0F65705-8262-49B3-84C8-D740BD3FD96C}.Release|Any CPU.ActiveCfg = Release|Any CPU
		{A0F65705-8262-49B3-84C8-D740BD3FD96C}.Release|Any CPU.Build.0 = Release|Any CPU
		{A0F65705-8262-49B3-84C8-D740BD3FD96C}.Release|Any CPU.Deploy.0 = Release|Any CPU
		{A0F65705-8262-49B3-84C8-D740BD3FD96C}.Release|ARM.ActiveCfg = Release|Any CPU
		{A0F65705-8262-49B3-84C8-D740BD3FD96C}.Release|ARM.Build.0 = Release|Any CPU
		{A0F65705-8262-49B3-84C8-D740BD3FD96C}.Release|ARM.Deploy.0 = Release|Any CPU
		{A0F65705-8262-49B3-84C8-D740BD3FD96C}.Release|iPhone.ActiveCfg = Release|Any CPU
		{A0F65705-8262-49B3-84C8-D740BD3FD96C}.Release|iPhone.Build.0 = Release|Any CPU
		{A0F65705-8262-49B3-84C8-D740BD3FD96C}.Release|iPhone.Deploy.0 = Release|Any CPU
		{A0F65705-8262-49B3-84C8-D740BD3FD96C}.Release|iPhoneSimulator.ActiveCfg = Release|Any CPU
		{A0F65705-8262-49B3-84C8-D740BD3FD96C}.Release|iPhoneSimulator.Build.0 = Release|Any CPU
		{A0F65705-8262-49B3-84C8-D740BD3FD96C}.Release|iPhoneSimulator.Deploy.0 = Release|Any CPU
		{A0F65705-8262-49B3-84C8-D740BD3FD96C}.Release|x64.ActiveCfg = Release|Any CPU
		{A0F65705-8262-49B3-84C8-D740BD3FD96C}.Release|x64.Build.0 = Release|Any CPU
		{A0F65705-8262-49B3-84C8-D740BD3FD96C}.Release|x64.Deploy.0 = Release|Any CPU
		{A0F65705-8262-49B3-84C8-D740BD3FD96C}.Release|x86.ActiveCfg = Release|Any CPU
		{A0F65705-8262-49B3-84C8-D740BD3FD96C}.Release|x86.Build.0 = Release|Any CPU
		{A0F65705-8262-49B3-84C8-D740BD3FD96C}.Release|x86.Deploy.0 = Release|Any CPU
		{756F3D76-B2F9-4118-A298-CE80F26392F5}.Ad-Hoc|Any CPU.ActiveCfg = Ad-Hoc|iPhone
		{756F3D76-B2F9-4118-A298-CE80F26392F5}.Ad-Hoc|ARM.ActiveCfg = Ad-Hoc|iPhone
		{756F3D76-B2F9-4118-A298-CE80F26392F5}.Ad-Hoc|iPhone.ActiveCfg = Ad-Hoc|iPhone
		{756F3D76-B2F9-4118-A298-CE80F26392F5}.Ad-Hoc|iPhone.Build.0 = Ad-Hoc|iPhone
		{756F3D76-B2F9-4118-A298-CE80F26392F5}.Ad-Hoc|iPhoneSimulator.ActiveCfg = Ad-Hoc|iPhoneSimulator
		{756F3D76-B2F9-4118-A298-CE80F26392F5}.Ad-Hoc|iPhoneSimulator.Build.0 = Ad-Hoc|iPhoneSimulator
		{756F3D76-B2F9-4118-A298-CE80F26392F5}.Ad-Hoc|x64.ActiveCfg = Ad-Hoc|iPhone
		{756F3D76-B2F9-4118-A298-CE80F26392F5}.Ad-Hoc|x86.ActiveCfg = Ad-Hoc|iPhone
		{756F3D76-B2F9-4118-A298-CE80F26392F5}.AppStore|Any CPU.ActiveCfg = AppStore|iPhone
		{756F3D76-B2F9-4118-A298-CE80F26392F5}.AppStore|ARM.ActiveCfg = AppStore|iPhone
		{756F3D76-B2F9-4118-A298-CE80F26392F5}.AppStore|iPhone.ActiveCfg = AppStore|iPhone
		{756F3D76-B2F9-4118-A298-CE80F26392F5}.AppStore|iPhone.Build.0 = AppStore|iPhone
		{756F3D76-B2F9-4118-A298-CE80F26392F5}.AppStore|iPhoneSimulator.ActiveCfg = AppStore|iPhoneSimulator
		{756F3D76-B2F9-4118-A298-CE80F26392F5}.AppStore|iPhoneSimulator.Build.0 = AppStore|iPhoneSimulator
		{756F3D76-B2F9-4118-A298-CE80F26392F5}.AppStore|x64.ActiveCfg = AppStore|iPhone
		{756F3D76-B2F9-4118-A298-CE80F26392F5}.AppStore|x86.ActiveCfg = AppStore|iPhone
		{756F3D76-B2F9-4118-A298-CE80F26392F5}.Debug|Any CPU.ActiveCfg = Debug|iPhone
		{756F3D76-B2F9-4118-A298-CE80F26392F5}.Debug|ARM.ActiveCfg = Debug|iPhone
		{756F3D76-B2F9-4118-A298-CE80F26392F5}.Debug|iPhone.ActiveCfg = Debug|iPhone
		{756F3D76-B2F9-4118-A298-CE80F26392F5}.Debug|iPhone.Build.0 = Debug|iPhone
		{756F3D76-B2F9-4118-A298-CE80F26392F5}.Debug|iPhoneSimulator.ActiveCfg = Debug|iPhoneSimulator
		{756F3D76-B2F9-4118-A298-CE80F26392F5}.Debug|iPhoneSimulator.Build.0 = Debug|iPhoneSimulator
		{756F3D76-B2F9-4118-A298-CE80F26392F5}.Debug|x64.ActiveCfg = Debug|iPhone
		{756F3D76-B2F9-4118-A298-CE80F26392F5}.Debug|x86.ActiveCfg = Debug|iPhone
		{756F3D76-B2F9-4118-A298-CE80F26392F5}.Release|Any CPU.ActiveCfg = Release|iPhone
		{756F3D76-B2F9-4118-A298-CE80F26392F5}.Release|ARM.ActiveCfg = Release|iPhone
		{756F3D76-B2F9-4118-A298-CE80F26392F5}.Release|iPhone.ActiveCfg = Release|iPhone
		{756F3D76-B2F9-4118-A298-CE80F26392F5}.Release|iPhone.Build.0 = Release|iPhone
		{756F3D76-B2F9-4118-A298-CE80F26392F5}.Release|iPhoneSimulator.ActiveCfg = Release|iPhoneSimulator
		{756F3D76-B2F9-4118-A298-CE80F26392F5}.Release|iPhoneSimulator.Build.0 = Release|iPhoneSimulator
		{756F3D76-B2F9-4118-A298-CE80F26392F5}.Release|x64.ActiveCfg = Release|iPhone
		{756F3D76-B2F9-4118-A298-CE80F26392F5}.Release|x86.ActiveCfg = Release|iPhone
		{024FDE99-999F-496D-9C17-42534A4C2B61}.Ad-Hoc|Any CPU.ActiveCfg = Release|Any CPU
		{024FDE99-999F-496D-9C17-42534A4C2B61}.Ad-Hoc|Any CPU.Build.0 = Release|Any CPU
		{024FDE99-999F-496D-9C17-42534A4C2B61}.Ad-Hoc|Any CPU.Deploy.0 = Release|Any CPU
		{024FDE99-999F-496D-9C17-42534A4C2B61}.Ad-Hoc|ARM.ActiveCfg = Release|ARM
		{024FDE99-999F-496D-9C17-42534A4C2B61}.Ad-Hoc|ARM.Build.0 = Release|ARM
		{024FDE99-999F-496D-9C17-42534A4C2B61}.Ad-Hoc|ARM.Deploy.0 = Release|ARM
		{024FDE99-999F-496D-9C17-42534A4C2B61}.Ad-Hoc|iPhone.ActiveCfg = Release|Any CPU
		{024FDE99-999F-496D-9C17-42534A4C2B61}.Ad-Hoc|iPhone.Build.0 = Release|Any CPU
		{024FDE99-999F-496D-9C17-42534A4C2B61}.Ad-Hoc|iPhone.Deploy.0 = Release|Any CPU
		{024FDE99-999F-496D-9C17-42534A4C2B61}.Ad-Hoc|iPhoneSimulator.ActiveCfg = Release|Any CPU
		{024FDE99-999F-496D-9C17-42534A4C2B61}.Ad-Hoc|iPhoneSimulator.Build.0 = Release|Any CPU
		{024FDE99-999F-496D-9C17-42534A4C2B61}.Ad-Hoc|iPhoneSimulator.Deploy.0 = Release|Any CPU
		{024FDE99-999F-496D-9C17-42534A4C2B61}.Ad-Hoc|x64.ActiveCfg = Release|Any CPU
		{024FDE99-999F-496D-9C17-42534A4C2B61}.Ad-Hoc|x64.Build.0 = Release|Any CPU
		{024FDE99-999F-496D-9C17-42534A4C2B61}.Ad-Hoc|x64.Deploy.0 = Release|Any CPU
		{024FDE99-999F-496D-9C17-42534A4C2B61}.Ad-Hoc|x86.ActiveCfg = Release|x86
		{024FDE99-999F-496D-9C17-42534A4C2B61}.Ad-Hoc|x86.Build.0 = Release|x86
		{024FDE99-999F-496D-9C17-42534A4C2B61}.Ad-Hoc|x86.Deploy.0 = Release|x86
		{024FDE99-999F-496D-9C17-42534A4C2B61}.AppStore|Any CPU.ActiveCfg = Release|Any CPU
		{024FDE99-999F-496D-9C17-42534A4C2B61}.AppStore|Any CPU.Build.0 = Release|Any CPU
		{024FDE99-999F-496D-9C17-42534A4C2B61}.AppStore|Any CPU.Deploy.0 = Release|Any CPU
		{024FDE99-999F-496D-9C17-42534A4C2B61}.AppStore|ARM.ActiveCfg = Release|ARM
		{024FDE99-999F-496D-9C17-42534A4C2B61}.AppStore|ARM.Build.0 = Release|ARM
		{024FDE99-999F-496D-9C17-42534A4C2B61}.AppStore|ARM.Deploy.0 = Release|ARM
		{024FDE99-999F-496D-9C17-42534A4C2B61}.AppStore|iPhone.ActiveCfg = Release|Any CPU
		{024FDE99-999F-496D-9C17-42534A4C2B61}.AppStore|iPhone.Build.0 = Release|Any CPU
		{024FDE99-999F-496D-9C17-42534A4C2B61}.AppStore|iPhone.Deploy.0 = Release|Any CPU
		{024FDE99-999F-496D-9C17-42534A4C2B61}.AppStore|iPhoneSimulator.ActiveCfg = Release|Any CPU
		{024FDE99-999F-496D-9C17-42534A4C2B61}.AppStore|iPhoneSimulator.Build.0 = Release|Any CPU
		{024FDE99-999F-496D-9C17-42534A4C2B61}.AppStore|iPhoneSimulator.Deploy.0 = Release|Any CPU
		{024FDE99-999F-496D-9C17-42534A4C2B61}.AppStore|x64.ActiveCfg = Release|Any CPU
		{024FDE99-999F-496D-9C17-42534A4C2B61}.AppStore|x64.Build.0 = Release|Any CPU
		{024FDE99-999F-496D-9C17-42534A4C2B61}.AppStore|x64.Deploy.0 = Release|Any CPU
		{024FDE99-999F-496D-9C17-42534A4C2B61}.AppStore|x86.ActiveCfg = Release|x86
		{024FDE99-999F-496D-9C17-42534A4C2B61}.AppStore|x86.Build.0 = Release|x86
		{024FDE99-999F-496D-9C17-42534A4C2B61}.AppStore|x86.Deploy.0 = Release|x86
		{024FDE99-999F-496D-9C17-42534A4C2B61}.Debug|Any CPU.ActiveCfg = Debug|Any CPU
		{024FDE99-999F-496D-9C17-42534A4C2B61}.Debug|Any CPU.Build.0 = Debug|Any CPU
		{024FDE99-999F-496D-9C17-42534A4C2B61}.Debug|Any CPU.Deploy.0 = Debug|Any CPU
		{024FDE99-999F-496D-9C17-42534A4C2B61}.Debug|ARM.ActiveCfg = Debug|ARM
		{024FDE99-999F-496D-9C17-42534A4C2B61}.Debug|ARM.Build.0 = Debug|ARM
		{024FDE99-999F-496D-9C17-42534A4C2B61}.Debug|ARM.Deploy.0 = Debug|ARM
		{024FDE99-999F-496D-9C17-42534A4C2B61}.Debug|iPhone.ActiveCfg = Debug|Any CPU
		{024FDE99-999F-496D-9C17-42534A4C2B61}.Debug|iPhone.Build.0 = Debug|Any CPU
		{024FDE99-999F-496D-9C17-42534A4C2B61}.Debug|iPhone.Deploy.0 = Debug|Any CPU
		{024FDE99-999F-496D-9C17-42534A4C2B61}.Debug|iPhoneSimulator.ActiveCfg = Debug|Any CPU
		{024FDE99-999F-496D-9C17-42534A4C2B61}.Debug|iPhoneSimulator.Build.0 = Debug|Any CPU
		{024FDE99-999F-496D-9C17-42534A4C2B61}.Debug|iPhoneSimulator.Deploy.0 = Debug|Any CPU
		{024FDE99-999F-496D-9C17-42534A4C2B61}.Debug|x64.ActiveCfg = Debug|Any CPU
		{024FDE99-999F-496D-9C17-42534A4C2B61}.Debug|x64.Build.0 = Debug|Any CPU
		{024FDE99-999F-496D-9C17-42534A4C2B61}.Debug|x64.Deploy.0 = Debug|Any CPU
		{024FDE99-999F-496D-9C17-42534A4C2B61}.Debug|x86.ActiveCfg = Debug|x86
		{024FDE99-999F-496D-9C17-42534A4C2B61}.Debug|x86.Build.0 = Debug|x86
		{024FDE99-999F-496D-9C17-42534A4C2B61}.Debug|x86.Deploy.0 = Debug|x86
		{024FDE99-999F-496D-9C17-42534A4C2B61}.Release|Any CPU.ActiveCfg = Release|Any CPU
		{024FDE99-999F-496D-9C17-42534A4C2B61}.Release|Any CPU.Build.0 = Release|Any CPU
		{024FDE99-999F-496D-9C17-42534A4C2B61}.Release|Any CPU.Deploy.0 = Release|Any CPU
		{024FDE99-999F-496D-9C17-42534A4C2B61}.Release|ARM.ActiveCfg = Release|ARM
		{024FDE99-999F-496D-9C17-42534A4C2B61}.Release|ARM.Build.0 = Release|ARM
		{024FDE99-999F-496D-9C17-42534A4C2B61}.Release|ARM.Deploy.0 = Release|ARM
		{024FDE99-999F-496D-9C17-42534A4C2B61}.Release|iPhone.ActiveCfg = Release|Any CPU
		{024FDE99-999F-496D-9C17-42534A4C2B61}.Release|iPhone.Build.0 = Release|Any CPU
		{024FDE99-999F-496D-9C17-42534A4C2B61}.Release|iPhone.Deploy.0 = Release|Any CPU
		{024FDE99-999F-496D-9C17-42534A4C2B61}.Release|iPhoneSimulator.ActiveCfg = Release|Any CPU
		{024FDE99-999F-496D-9C17-42534A4C2B61}.Release|iPhoneSimulator.Build.0 = Release|Any CPU
		{024FDE99-999F-496D-9C17-42534A4C2B61}.Release|iPhoneSimulator.Deploy.0 = Release|Any CPU
		{024FDE99-999F-496D-9C17-42534A4C2B61}.Release|x64.ActiveCfg = Release|Any CPU
		{024FDE99-999F-496D-9C17-42534A4C2B61}.Release|x64.Build.0 = Release|Any CPU
		{024FDE99-999F-496D-9C17-42534A4C2B61}.Release|x64.Deploy.0 = Release|Any CPU
		{024FDE99-999F-496D-9C17-42534A4C2B61}.Release|x86.ActiveCfg = Release|x86
		{024FDE99-999F-496D-9C17-42534A4C2B61}.Release|x86.Build.0 = Release|x86
		{024FDE99-999F-496D-9C17-42534A4C2B61}.Release|x86.Deploy.0 = Release|x86
		{62591B0F-91C4-4A93-BF49-3B99251CE067}.Ad-Hoc|Any CPU.ActiveCfg = Release|x86
		{62591B0F-91C4-4A93-BF49-3B99251CE067}.Ad-Hoc|Any CPU.Build.0 = Release|x86
		{62591B0F-91C4-4A93-BF49-3B99251CE067}.Ad-Hoc|Any CPU.Deploy.0 = Release|x86
		{62591B0F-91C4-4A93-BF49-3B99251CE067}.Ad-Hoc|ARM.ActiveCfg = Release|ARM
		{62591B0F-91C4-4A93-BF49-3B99251CE067}.Ad-Hoc|ARM.Build.0 = Release|ARM
		{62591B0F-91C4-4A93-BF49-3B99251CE067}.Ad-Hoc|ARM.Deploy.0 = Release|ARM
		{62591B0F-91C4-4A93-BF49-3B99251CE067}.Ad-Hoc|iPhone.ActiveCfg = Release|x86
		{62591B0F-91C4-4A93-BF49-3B99251CE067}.Ad-Hoc|iPhone.Build.0 = Release|x86
		{62591B0F-91C4-4A93-BF49-3B99251CE067}.Ad-Hoc|iPhone.Deploy.0 = Release|x86
		{62591B0F-91C4-4A93-BF49-3B99251CE067}.Ad-Hoc|iPhoneSimulator.ActiveCfg = Release|x86
		{62591B0F-91C4-4A93-BF49-3B99251CE067}.Ad-Hoc|iPhoneSimulator.Build.0 = Release|x86
		{62591B0F-91C4-4A93-BF49-3B99251CE067}.Ad-Hoc|iPhoneSimulator.Deploy.0 = Release|x86
		{62591B0F-91C4-4A93-BF49-3B99251CE067}.Ad-Hoc|x64.ActiveCfg = Release|x64
		{62591B0F-91C4-4A93-BF49-3B99251CE067}.Ad-Hoc|x64.Build.0 = Release|x64
		{62591B0F-91C4-4A93-BF49-3B99251CE067}.Ad-Hoc|x64.Deploy.0 = Release|x64
		{62591B0F-91C4-4A93-BF49-3B99251CE067}.Ad-Hoc|x86.ActiveCfg = Release|x86
		{62591B0F-91C4-4A93-BF49-3B99251CE067}.Ad-Hoc|x86.Build.0 = Release|x86
		{62591B0F-91C4-4A93-BF49-3B99251CE067}.Ad-Hoc|x86.Deploy.0 = Release|x86
		{62591B0F-91C4-4A93-BF49-3B99251CE067}.AppStore|Any CPU.ActiveCfg = Release|x86
		{62591B0F-91C4-4A93-BF49-3B99251CE067}.AppStore|Any CPU.Build.0 = Release|x86
		{62591B0F-91C4-4A93-BF49-3B99251CE067}.AppStore|Any CPU.Deploy.0 = Release|x86
		{62591B0F-91C4-4A93-BF49-3B99251CE067}.AppStore|ARM.ActiveCfg = Release|ARM
		{62591B0F-91C4-4A93-BF49-3B99251CE067}.AppStore|ARM.Build.0 = Release|ARM
		{62591B0F-91C4-4A93-BF49-3B99251CE067}.AppStore|ARM.Deploy.0 = Release|ARM
		{62591B0F-91C4-4A93-BF49-3B99251CE067}.AppStore|iPhone.ActiveCfg = Release|x86
		{62591B0F-91C4-4A93-BF49-3B99251CE067}.AppStore|iPhone.Build.0 = Release|x86
		{62591B0F-91C4-4A93-BF49-3B99251CE067}.AppStore|iPhone.Deploy.0 = Release|x86
		{62591B0F-91C4-4A93-BF49-3B99251CE067}.AppStore|iPhoneSimulator.ActiveCfg = Release|x86
		{62591B0F-91C4-4A93-BF49-3B99251CE067}.AppStore|iPhoneSimulator.Build.0 = Release|x86
		{62591B0F-91C4-4A93-BF49-3B99251CE067}.AppStore|iPhoneSimulator.Deploy.0 = Release|x86
		{62591B0F-91C4-4A93-BF49-3B99251CE067}.AppStore|x64.ActiveCfg = Release|x64
		{62591B0F-91C4-4A93-BF49-3B99251CE067}.AppStore|x64.Build.0 = Release|x64
		{62591B0F-91C4-4A93-BF49-3B99251CE067}.AppStore|x64.Deploy.0 = Release|x64
		{62591B0F-91C4-4A93-BF49-3B99251CE067}.AppStore|x86.ActiveCfg = Release|x86
		{62591B0F-91C4-4A93-BF49-3B99251CE067}.AppStore|x86.Build.0 = Release|x86
		{62591B0F-91C4-4A93-BF49-3B99251CE067}.AppStore|x86.Deploy.0 = Release|x86
		{62591B0F-91C4-4A93-BF49-3B99251CE067}.Debug|Any CPU.ActiveCfg = Debug|x86
		{62591B0F-91C4-4A93-BF49-3B99251CE067}.Debug|ARM.ActiveCfg = Debug|ARM
		{62591B0F-91C4-4A93-BF49-3B99251CE067}.Debug|ARM.Build.0 = Debug|ARM
		{62591B0F-91C4-4A93-BF49-3B99251CE067}.Debug|ARM.Deploy.0 = Debug|ARM
		{62591B0F-91C4-4A93-BF49-3B99251CE067}.Debug|iPhone.ActiveCfg = Debug|x86
		{62591B0F-91C4-4A93-BF49-3B99251CE067}.Debug|iPhoneSimulator.ActiveCfg = Debug|x86
		{62591B0F-91C4-4A93-BF49-3B99251CE067}.Debug|x64.ActiveCfg = Debug|x64
		{62591B0F-91C4-4A93-BF49-3B99251CE067}.Debug|x64.Build.0 = Debug|x64
		{62591B0F-91C4-4A93-BF49-3B99251CE067}.Debug|x64.Deploy.0 = Debug|x64
		{62591B0F-91C4-4A93-BF49-3B99251CE067}.Debug|x86.ActiveCfg = Debug|x86
		{62591B0F-91C4-4A93-BF49-3B99251CE067}.Debug|x86.Build.0 = Debug|x86
		{62591B0F-91C4-4A93-BF49-3B99251CE067}.Debug|x86.Deploy.0 = Debug|x86
		{62591B0F-91C4-4A93-BF49-3B99251CE067}.Release|Any CPU.ActiveCfg = Release|x86
		{62591B0F-91C4-4A93-BF49-3B99251CE067}.Release|ARM.ActiveCfg = Release|ARM
		{62591B0F-91C4-4A93-BF49-3B99251CE067}.Release|ARM.Build.0 = Release|ARM
		{62591B0F-91C4-4A93-BF49-3B99251CE067}.Release|ARM.Deploy.0 = Release|ARM
		{62591B0F-91C4-4A93-BF49-3B99251CE067}.Release|iPhone.ActiveCfg = Release|x86
		{62591B0F-91C4-4A93-BF49-3B99251CE067}.Release|iPhoneSimulator.ActiveCfg = Release|x86
		{62591B0F-91C4-4A93-BF49-3B99251CE067}.Release|x64.ActiveCfg = Release|x64
		{62591B0F-91C4-4A93-BF49-3B99251CE067}.Release|x64.Build.0 = Release|x64
		{62591B0F-91C4-4A93-BF49-3B99251CE067}.Release|x64.Deploy.0 = Release|x64
		{62591B0F-91C4-4A93-BF49-3B99251CE067}.Release|x86.ActiveCfg = Release|x86
		{62591B0F-91C4-4A93-BF49-3B99251CE067}.Release|x86.Build.0 = Release|x86
		{62591B0F-91C4-4A93-BF49-3B99251CE067}.Release|x86.Deploy.0 = Release|x86
		{AF783929-99B0-4F7B-BE2B-742AE24752BA}.Ad-Hoc|Any CPU.ActiveCfg = Release|Any CPU
		{AF783929-99B0-4F7B-BE2B-742AE24752BA}.Ad-Hoc|Any CPU.Build.0 = Release|Any CPU
		{AF783929-99B0-4F7B-BE2B-742AE24752BA}.Ad-Hoc|Any CPU.Deploy.0 = Release|Any CPU
		{AF783929-99B0-4F7B-BE2B-742AE24752BA}.Ad-Hoc|ARM.ActiveCfg = Release|ARM
		{AF783929-99B0-4F7B-BE2B-742AE24752BA}.Ad-Hoc|ARM.Build.0 = Release|ARM
		{AF783929-99B0-4F7B-BE2B-742AE24752BA}.Ad-Hoc|ARM.Deploy.0 = Release|ARM
		{AF783929-99B0-4F7B-BE2B-742AE24752BA}.Ad-Hoc|iPhone.ActiveCfg = Release|Any CPU
		{AF783929-99B0-4F7B-BE2B-742AE24752BA}.Ad-Hoc|iPhone.Build.0 = Release|Any CPU
		{AF783929-99B0-4F7B-BE2B-742AE24752BA}.Ad-Hoc|iPhone.Deploy.0 = Release|Any CPU
		{AF783929-99B0-4F7B-BE2B-742AE24752BA}.Ad-Hoc|iPhoneSimulator.ActiveCfg = Release|Any CPU
		{AF783929-99B0-4F7B-BE2B-742AE24752BA}.Ad-Hoc|iPhoneSimulator.Build.0 = Release|Any CPU
		{AF783929-99B0-4F7B-BE2B-742AE24752BA}.Ad-Hoc|iPhoneSimulator.Deploy.0 = Release|Any CPU
		{AF783929-99B0-4F7B-BE2B-742AE24752BA}.Ad-Hoc|x64.ActiveCfg = Release|x64
		{AF783929-99B0-4F7B-BE2B-742AE24752BA}.Ad-Hoc|x64.Build.0 = Release|x64
		{AF783929-99B0-4F7B-BE2B-742AE24752BA}.Ad-Hoc|x64.Deploy.0 = Release|x64
		{AF783929-99B0-4F7B-BE2B-742AE24752BA}.Ad-Hoc|x86.ActiveCfg = Release|x86
		{AF783929-99B0-4F7B-BE2B-742AE24752BA}.Ad-Hoc|x86.Build.0 = Release|x86
		{AF783929-99B0-4F7B-BE2B-742AE24752BA}.Ad-Hoc|x86.Deploy.0 = Release|x86
		{AF783929-99B0-4F7B-BE2B-742AE24752BA}.AppStore|Any CPU.ActiveCfg = Release|Any CPU
		{AF783929-99B0-4F7B-BE2B-742AE24752BA}.AppStore|Any CPU.Build.0 = Release|Any CPU
		{AF783929-99B0-4F7B-BE2B-742AE24752BA}.AppStore|Any CPU.Deploy.0 = Release|Any CPU
		{AF783929-99B0-4F7B-BE2B-742AE24752BA}.AppStore|ARM.ActiveCfg = Release|ARM
		{AF783929-99B0-4F7B-BE2B-742AE24752BA}.AppStore|ARM.Build.0 = Release|ARM
		{AF783929-99B0-4F7B-BE2B-742AE24752BA}.AppStore|ARM.Deploy.0 = Release|ARM
		{AF783929-99B0-4F7B-BE2B-742AE24752BA}.AppStore|iPhone.ActiveCfg = Release|Any CPU
		{AF783929-99B0-4F7B-BE2B-742AE24752BA}.AppStore|iPhone.Build.0 = Release|Any CPU
		{AF783929-99B0-4F7B-BE2B-742AE24752BA}.AppStore|iPhone.Deploy.0 = Release|Any CPU
		{AF783929-99B0-4F7B-BE2B-742AE24752BA}.AppStore|iPhoneSimulator.ActiveCfg = Release|Any CPU
		{AF783929-99B0-4F7B-BE2B-742AE24752BA}.AppStore|iPhoneSimulator.Build.0 = Release|Any CPU
		{AF783929-99B0-4F7B-BE2B-742AE24752BA}.AppStore|iPhoneSimulator.Deploy.0 = Release|Any CPU
		{AF783929-99B0-4F7B-BE2B-742AE24752BA}.AppStore|x64.ActiveCfg = Release|x64
		{AF783929-99B0-4F7B-BE2B-742AE24752BA}.AppStore|x64.Build.0 = Release|x64
		{AF783929-99B0-4F7B-BE2B-742AE24752BA}.AppStore|x64.Deploy.0 = Release|x64
		{AF783929-99B0-4F7B-BE2B-742AE24752BA}.AppStore|x86.ActiveCfg = Release|x86
		{AF783929-99B0-4F7B-BE2B-742AE24752BA}.AppStore|x86.Build.0 = Release|x86
		{AF783929-99B0-4F7B-BE2B-742AE24752BA}.AppStore|x86.Deploy.0 = Release|x86
		{AF783929-99B0-4F7B-BE2B-742AE24752BA}.Debug|Any CPU.ActiveCfg = Debug|Any CPU
		{AF783929-99B0-4F7B-BE2B-742AE24752BA}.Debug|Any CPU.Build.0 = Debug|Any CPU
		{AF783929-99B0-4F7B-BE2B-742AE24752BA}.Debug|Any CPU.Deploy.0 = Debug|Any CPU
		{AF783929-99B0-4F7B-BE2B-742AE24752BA}.Debug|ARM.ActiveCfg = Debug|ARM
		{AF783929-99B0-4F7B-BE2B-742AE24752BA}.Debug|ARM.Build.0 = Debug|ARM
		{AF783929-99B0-4F7B-BE2B-742AE24752BA}.Debug|ARM.Deploy.0 = Debug|ARM
		{AF783929-99B0-4F7B-BE2B-742AE24752BA}.Debug|iPhone.ActiveCfg = Debug|Any CPU
		{AF783929-99B0-4F7B-BE2B-742AE24752BA}.Debug|iPhone.Build.0 = Debug|Any CPU
		{AF783929-99B0-4F7B-BE2B-742AE24752BA}.Debug|iPhone.Deploy.0 = Debug|Any CPU
		{AF783929-99B0-4F7B-BE2B-742AE24752BA}.Debug|iPhoneSimulator.ActiveCfg = Debug|Any CPU
		{AF783929-99B0-4F7B-BE2B-742AE24752BA}.Debug|iPhoneSimulator.Build.0 = Debug|Any CPU
		{AF783929-99B0-4F7B-BE2B-742AE24752BA}.Debug|iPhoneSimulator.Deploy.0 = Debug|Any CPU
		{AF783929-99B0-4F7B-BE2B-742AE24752BA}.Debug|x64.ActiveCfg = Debug|x64
		{AF783929-99B0-4F7B-BE2B-742AE24752BA}.Debug|x64.Build.0 = Debug|x64
		{AF783929-99B0-4F7B-BE2B-742AE24752BA}.Debug|x64.Deploy.0 = Debug|x64
		{AF783929-99B0-4F7B-BE2B-742AE24752BA}.Debug|x86.ActiveCfg = Debug|x86
		{AF783929-99B0-4F7B-BE2B-742AE24752BA}.Debug|x86.Build.0 = Debug|x86
		{AF783929-99B0-4F7B-BE2B-742AE24752BA}.Debug|x86.Deploy.0 = Debug|x86
		{AF783929-99B0-4F7B-BE2B-742AE24752BA}.Release|Any CPU.ActiveCfg = Release|Any CPU
		{AF783929-99B0-4F7B-BE2B-742AE24752BA}.Release|Any CPU.Build.0 = Release|Any CPU
		{AF783929-99B0-4F7B-BE2B-742AE24752BA}.Release|Any CPU.Deploy.0 = Release|Any CPU
		{AF783929-99B0-4F7B-BE2B-742AE24752BA}.Release|ARM.ActiveCfg = Release|ARM
		{AF783929-99B0-4F7B-BE2B-742AE24752BA}.Release|ARM.Build.0 = Release|ARM
		{AF783929-99B0-4F7B-BE2B-742AE24752BA}.Release|ARM.Deploy.0 = Release|ARM
		{AF783929-99B0-4F7B-BE2B-742AE24752BA}.Release|iPhone.ActiveCfg = Release|Any CPU
		{AF783929-99B0-4F7B-BE2B-742AE24752BA}.Release|iPhone.Build.0 = Release|Any CPU
		{AF783929-99B0-4F7B-BE2B-742AE24752BA}.Release|iPhone.Deploy.0 = Release|Any CPU
		{AF783929-99B0-4F7B-BE2B-742AE24752BA}.Release|iPhoneSimulator.ActiveCfg = Release|Any CPU
		{AF783929-99B0-4F7B-BE2B-742AE24752BA}.Release|iPhoneSimulator.Build.0 = Release|Any CPU
		{AF783929-99B0-4F7B-BE2B-742AE24752BA}.Release|iPhoneSimulator.Deploy.0 = Release|Any CPU
		{AF783929-99B0-4F7B-BE2B-742AE24752BA}.Release|x64.ActiveCfg = Release|x64
		{AF783929-99B0-4F7B-BE2B-742AE24752BA}.Release|x64.Build.0 = Release|x64
		{AF783929-99B0-4F7B-BE2B-742AE24752BA}.Release|x64.Deploy.0 = Release|x64
		{AF783929-99B0-4F7B-BE2B-742AE24752BA}.Release|x86.ActiveCfg = Release|x86
		{AF783929-99B0-4F7B-BE2B-742AE24752BA}.Release|x86.Build.0 = Release|x86
		{AF783929-99B0-4F7B-BE2B-742AE24752BA}.Release|x86.Deploy.0 = Release|x86
		{E089F371-1AF9-4C85-B733-662C83E20C89}.Ad-Hoc|Any CPU.ActiveCfg = Release|Any CPU
		{E089F371-1AF9-4C85-B733-662C83E20C89}.Ad-Hoc|Any CPU.Build.0 = Release|Any CPU
		{E089F371-1AF9-4C85-B733-662C83E20C89}.Ad-Hoc|ARM.ActiveCfg = Release|Any CPU
		{E089F371-1AF9-4C85-B733-662C83E20C89}.Ad-Hoc|ARM.Build.0 = Release|Any CPU
		{E089F371-1AF9-4C85-B733-662C83E20C89}.Ad-Hoc|iPhone.ActiveCfg = Release|Any CPU
		{E089F371-1AF9-4C85-B733-662C83E20C89}.Ad-Hoc|iPhone.Build.0 = Release|Any CPU
		{E089F371-1AF9-4C85-B733-662C83E20C89}.Ad-Hoc|iPhoneSimulator.ActiveCfg = Release|Any CPU
		{E089F371-1AF9-4C85-B733-662C83E20C89}.Ad-Hoc|iPhoneSimulator.Build.0 = Release|Any CPU
		{E089F371-1AF9-4C85-B733-662C83E20C89}.Ad-Hoc|x64.ActiveCfg = Release|Any CPU
		{E089F371-1AF9-4C85-B733-662C83E20C89}.Ad-Hoc|x64.Build.0 = Release|Any CPU
		{E089F371-1AF9-4C85-B733-662C83E20C89}.Ad-Hoc|x86.ActiveCfg = Release|Any CPU
		{E089F371-1AF9-4C85-B733-662C83E20C89}.Ad-Hoc|x86.Build.0 = Release|Any CPU
		{E089F371-1AF9-4C85-B733-662C83E20C89}.AppStore|Any CPU.ActiveCfg = Release|Any CPU
		{E089F371-1AF9-4C85-B733-662C83E20C89}.AppStore|Any CPU.Build.0 = Release|Any CPU
		{E089F371-1AF9-4C85-B733-662C83E20C89}.AppStore|ARM.ActiveCfg = Release|Any CPU
		{E089F371-1AF9-4C85-B733-662C83E20C89}.AppStore|ARM.Build.0 = Release|Any CPU
		{E089F371-1AF9-4C85-B733-662C83E20C89}.AppStore|iPhone.ActiveCfg = Release|Any CPU
		{E089F371-1AF9-4C85-B733-662C83E20C89}.AppStore|iPhone.Build.0 = Release|Any CPU
		{E089F371-1AF9-4C85-B733-662C83E20C89}.AppStore|iPhoneSimulator.ActiveCfg = Release|Any CPU
		{E089F371-1AF9-4C85-B733-662C83E20C89}.AppStore|iPhoneSimulator.Build.0 = Release|Any CPU
		{E089F371-1AF9-4C85-B733-662C83E20C89}.AppStore|x64.ActiveCfg = Release|Any CPU
		{E089F371-1AF9-4C85-B733-662C83E20C89}.AppStore|x64.Build.0 = Release|Any CPU
		{E089F371-1AF9-4C85-B733-662C83E20C89}.AppStore|x86.ActiveCfg = Release|Any CPU
		{E089F371-1AF9-4C85-B733-662C83E20C89}.AppStore|x86.Build.0 = Release|Any CPU
		{E089F371-1AF9-4C85-B733-662C83E20C89}.Debug|Any CPU.ActiveCfg = Debug|Any CPU
		{E089F371-1AF9-4C85-B733-662C83E20C89}.Debug|Any CPU.Build.0 = Debug|Any CPU
		{E089F371-1AF9-4C85-B733-662C83E20C89}.Debug|ARM.ActiveCfg = Debug|Any CPU
		{E089F371-1AF9-4C85-B733-662C83E20C89}.Debug|ARM.Build.0 = Debug|Any CPU
		{E089F371-1AF9-4C85-B733-662C83E20C89}.Debug|iPhone.ActiveCfg = Debug|Any CPU
		{E089F371-1AF9-4C85-B733-662C83E20C89}.Debug|iPhone.Build.0 = Debug|Any CPU
		{E089F371-1AF9-4C85-B733-662C83E20C89}.Debug|iPhoneSimulator.ActiveCfg = Debug|Any CPU
		{E089F371-1AF9-4C85-B733-662C83E20C89}.Debug|iPhoneSimulator.Build.0 = Debug|Any CPU
		{E089F371-1AF9-4C85-B733-662C83E20C89}.Debug|x64.ActiveCfg = Debug|Any CPU
		{E089F371-1AF9-4C85-B733-662C83E20C89}.Debug|x64.Build.0 = Debug|Any CPU
		{E089F371-1AF9-4C85-B733-662C83E20C89}.Debug|x86.ActiveCfg = Debug|Any CPU
		{E089F371-1AF9-4C85-B733-662C83E20C89}.Debug|x86.Build.0 = Debug|Any CPU
		{E089F371-1AF9-4C85-B733-662C83E20C89}.Release|Any CPU.ActiveCfg = Release|Any CPU
		{E089F371-1AF9-4C85-B733-662C83E20C89}.Release|Any CPU.Build.0 = Release|Any CPU
		{E089F371-1AF9-4C85-B733-662C83E20C89}.Release|ARM.ActiveCfg = Release|Any CPU
		{E089F371-1AF9-4C85-B733-662C83E20C89}.Release|ARM.Build.0 = Release|Any CPU
		{E089F371-1AF9-4C85-B733-662C83E20C89}.Release|iPhone.ActiveCfg = Release|Any CPU
		{E089F371-1AF9-4C85-B733-662C83E20C89}.Release|iPhone.Build.0 = Release|Any CPU
		{E089F371-1AF9-4C85-B733-662C83E20C89}.Release|iPhoneSimulator.ActiveCfg = Release|Any CPU
		{E089F371-1AF9-4C85-B733-662C83E20C89}.Release|iPhoneSimulator.Build.0 = Release|Any CPU
		{E089F371-1AF9-4C85-B733-662C83E20C89}.Release|x64.ActiveCfg = Release|Any CPU
		{E089F371-1AF9-4C85-B733-662C83E20C89}.Release|x64.Build.0 = Release|Any CPU
		{E089F371-1AF9-4C85-B733-662C83E20C89}.Release|x86.ActiveCfg = Release|Any CPU
		{E089F371-1AF9-4C85-B733-662C83E20C89}.Release|x86.Build.0 = Release|Any CPU
		{5D507D47-6E5F-4FDD-8D0A-A63416C89604}.Ad-Hoc|Any CPU.ActiveCfg = Release|Any CPU
		{5D507D47-6E5F-4FDD-8D0A-A63416C89604}.Ad-Hoc|Any CPU.Build.0 = Release|Any CPU
		{5D507D47-6E5F-4FDD-8D0A-A63416C89604}.Ad-Hoc|ARM.ActiveCfg = Release|Any CPU
		{5D507D47-6E5F-4FDD-8D0A-A63416C89604}.Ad-Hoc|ARM.Build.0 = Release|Any CPU
		{5D507D47-6E5F-4FDD-8D0A-A63416C89604}.Ad-Hoc|iPhone.ActiveCfg = Release|Any CPU
		{5D507D47-6E5F-4FDD-8D0A-A63416C89604}.Ad-Hoc|iPhone.Build.0 = Release|Any CPU
		{5D507D47-6E5F-4FDD-8D0A-A63416C89604}.Ad-Hoc|iPhoneSimulator.ActiveCfg = Release|Any CPU
		{5D507D47-6E5F-4FDD-8D0A-A63416C89604}.Ad-Hoc|iPhoneSimulator.Build.0 = Release|Any CPU
		{5D507D47-6E5F-4FDD-8D0A-A63416C89604}.Ad-Hoc|x64.ActiveCfg = Release|Any CPU
		{5D507D47-6E5F-4FDD-8D0A-A63416C89604}.Ad-Hoc|x64.Build.0 = Release|Any CPU
		{5D507D47-6E5F-4FDD-8D0A-A63416C89604}.Ad-Hoc|x86.ActiveCfg = Release|Any CPU
		{5D507D47-6E5F-4FDD-8D0A-A63416C89604}.Ad-Hoc|x86.Build.0 = Release|Any CPU
		{5D507D47-6E5F-4FDD-8D0A-A63416C89604}.AppStore|Any CPU.ActiveCfg = Release|Any CPU
		{5D507D47-6E5F-4FDD-8D0A-A63416C89604}.AppStore|Any CPU.Build.0 = Release|Any CPU
		{5D507D47-6E5F-4FDD-8D0A-A63416C89604}.AppStore|ARM.ActiveCfg = Release|Any CPU
		{5D507D47-6E5F-4FDD-8D0A-A63416C89604}.AppStore|ARM.Build.0 = Release|Any CPU
		{5D507D47-6E5F-4FDD-8D0A-A63416C89604}.AppStore|iPhone.ActiveCfg = Release|Any CPU
		{5D507D47-6E5F-4FDD-8D0A-A63416C89604}.AppStore|iPhone.Build.0 = Release|Any CPU
		{5D507D47-6E5F-4FDD-8D0A-A63416C89604}.AppStore|iPhoneSimulator.ActiveCfg = Release|Any CPU
		{5D507D47-6E5F-4FDD-8D0A-A63416C89604}.AppStore|iPhoneSimulator.Build.0 = Release|Any CPU
		{5D507D47-6E5F-4FDD-8D0A-A63416C89604}.AppStore|x64.ActiveCfg = Release|Any CPU
		{5D507D47-6E5F-4FDD-8D0A-A63416C89604}.AppStore|x64.Build.0 = Release|Any CPU
		{5D507D47-6E5F-4FDD-8D0A-A63416C89604}.AppStore|x86.ActiveCfg = Release|Any CPU
		{5D507D47-6E5F-4FDD-8D0A-A63416C89604}.AppStore|x86.Build.0 = Release|Any CPU
		{5D507D47-6E5F-4FDD-8D0A-A63416C89604}.Debug|Any CPU.ActiveCfg = Debug|Any CPU
		{5D507D47-6E5F-4FDD-8D0A-A63416C89604}.Debug|Any CPU.Build.0 = Debug|Any CPU
		{5D507D47-6E5F-4FDD-8D0A-A63416C89604}.Debug|ARM.ActiveCfg = Debug|Any CPU
		{5D507D47-6E5F-4FDD-8D0A-A63416C89604}.Debug|ARM.Build.0 = Debug|Any CPU
		{5D507D47-6E5F-4FDD-8D0A-A63416C89604}.Debug|iPhone.ActiveCfg = Debug|Any CPU
		{5D507D47-6E5F-4FDD-8D0A-A63416C89604}.Debug|iPhone.Build.0 = Debug|Any CPU
		{5D507D47-6E5F-4FDD-8D0A-A63416C89604}.Debug|iPhoneSimulator.ActiveCfg = Debug|Any CPU
		{5D507D47-6E5F-4FDD-8D0A-A63416C89604}.Debug|iPhoneSimulator.Build.0 = Debug|Any CPU
		{5D507D47-6E5F-4FDD-8D0A-A63416C89604}.Debug|x64.ActiveCfg = Debug|Any CPU
		{5D507D47-6E5F-4FDD-8D0A-A63416C89604}.Debug|x64.Build.0 = Debug|Any CPU
		{5D507D47-6E5F-4FDD-8D0A-A63416C89604}.Debug|x86.ActiveCfg = Debug|Any CPU
		{5D507D47-6E5F-4FDD-8D0A-A63416C89604}.Debug|x86.Build.0 = Debug|Any CPU
		{5D507D47-6E5F-4FDD-8D0A-A63416C89604}.Release|Any CPU.ActiveCfg = Release|Any CPU
		{5D507D47-6E5F-4FDD-8D0A-A63416C89604}.Release|Any CPU.Build.0 = Release|Any CPU
		{5D507D47-6E5F-4FDD-8D0A-A63416C89604}.Release|ARM.ActiveCfg = Release|Any CPU
		{5D507D47-6E5F-4FDD-8D0A-A63416C89604}.Release|ARM.Build.0 = Release|Any CPU
		{5D507D47-6E5F-4FDD-8D0A-A63416C89604}.Release|iPhone.ActiveCfg = Release|Any CPU
		{5D507D47-6E5F-4FDD-8D0A-A63416C89604}.Release|iPhone.Build.0 = Release|Any CPU
		{5D507D47-6E5F-4FDD-8D0A-A63416C89604}.Release|iPhoneSimulator.ActiveCfg = Release|Any CPU
		{5D507D47-6E5F-4FDD-8D0A-A63416C89604}.Release|iPhoneSimulator.Build.0 = Release|Any CPU
		{5D507D47-6E5F-4FDD-8D0A-A63416C89604}.Release|x64.ActiveCfg = Release|Any CPU
		{5D507D47-6E5F-4FDD-8D0A-A63416C89604}.Release|x64.Build.0 = Release|Any CPU
		{5D507D47-6E5F-4FDD-8D0A-A63416C89604}.Release|x86.ActiveCfg = Release|Any CPU
		{5D507D47-6E5F-4FDD-8D0A-A63416C89604}.Release|x86.Build.0 = Release|Any CPU
		{29C1C150-16E5-4474-9864-F0D02A80EC04}.Ad-Hoc|Any CPU.ActiveCfg = Release|Any CPU
		{29C1C150-16E5-4474-9864-F0D02A80EC04}.Ad-Hoc|Any CPU.Build.0 = Release|Any CPU
		{29C1C150-16E5-4474-9864-F0D02A80EC04}.Ad-Hoc|ARM.ActiveCfg = Release|Any CPU
		{29C1C150-16E5-4474-9864-F0D02A80EC04}.Ad-Hoc|ARM.Build.0 = Release|Any CPU
		{29C1C150-16E5-4474-9864-F0D02A80EC04}.Ad-Hoc|iPhone.ActiveCfg = Release|Any CPU
		{29C1C150-16E5-4474-9864-F0D02A80EC04}.Ad-Hoc|iPhone.Build.0 = Release|Any CPU
		{29C1C150-16E5-4474-9864-F0D02A80EC04}.Ad-Hoc|iPhoneSimulator.ActiveCfg = Release|Any CPU
		{29C1C150-16E5-4474-9864-F0D02A80EC04}.Ad-Hoc|iPhoneSimulator.Build.0 = Release|Any CPU
		{29C1C150-16E5-4474-9864-F0D02A80EC04}.Ad-Hoc|x64.ActiveCfg = Release|Any CPU
		{29C1C150-16E5-4474-9864-F0D02A80EC04}.Ad-Hoc|x64.Build.0 = Release|Any CPU
		{29C1C150-16E5-4474-9864-F0D02A80EC04}.Ad-Hoc|x86.ActiveCfg = Release|Any CPU
		{29C1C150-16E5-4474-9864-F0D02A80EC04}.Ad-Hoc|x86.Build.0 = Release|Any CPU
		{29C1C150-16E5-4474-9864-F0D02A80EC04}.AppStore|Any CPU.ActiveCfg = Release|Any CPU
		{29C1C150-16E5-4474-9864-F0D02A80EC04}.AppStore|Any CPU.Build.0 = Release|Any CPU
		{29C1C150-16E5-4474-9864-F0D02A80EC04}.AppStore|ARM.ActiveCfg = Release|Any CPU
		{29C1C150-16E5-4474-9864-F0D02A80EC04}.AppStore|ARM.Build.0 = Release|Any CPU
		{29C1C150-16E5-4474-9864-F0D02A80EC04}.AppStore|iPhone.ActiveCfg = Release|Any CPU
		{29C1C150-16E5-4474-9864-F0D02A80EC04}.AppStore|iPhone.Build.0 = Release|Any CPU
		{29C1C150-16E5-4474-9864-F0D02A80EC04}.AppStore|iPhoneSimulator.ActiveCfg = Release|Any CPU
		{29C1C150-16E5-4474-9864-F0D02A80EC04}.AppStore|iPhoneSimulator.Build.0 = Release|Any CPU
		{29C1C150-16E5-4474-9864-F0D02A80EC04}.AppStore|x64.ActiveCfg = Release|Any CPU
		{29C1C150-16E5-4474-9864-F0D02A80EC04}.AppStore|x64.Build.0 = Release|Any CPU
		{29C1C150-16E5-4474-9864-F0D02A80EC04}.AppStore|x86.ActiveCfg = Release|Any CPU
		{29C1C150-16E5-4474-9864-F0D02A80EC04}.AppStore|x86.Build.0 = Release|Any CPU
		{29C1C150-16E5-4474-9864-F0D02A80EC04}.Debug|Any CPU.ActiveCfg = Debug|Any CPU
		{29C1C150-16E5-4474-9864-F0D02A80EC04}.Debug|Any CPU.Build.0 = Debug|Any CPU
		{29C1C150-16E5-4474-9864-F0D02A80EC04}.Debug|ARM.ActiveCfg = Debug|Any CPU
		{29C1C150-16E5-4474-9864-F0D02A80EC04}.Debug|ARM.Build.0 = Debug|Any CPU
		{29C1C150-16E5-4474-9864-F0D02A80EC04}.Debug|iPhone.ActiveCfg = Debug|Any CPU
		{29C1C150-16E5-4474-9864-F0D02A80EC04}.Debug|iPhone.Build.0 = Debug|Any CPU
		{29C1C150-16E5-4474-9864-F0D02A80EC04}.Debug|iPhoneSimulator.ActiveCfg = Debug|Any CPU
		{29C1C150-16E5-4474-9864-F0D02A80EC04}.Debug|iPhoneSimulator.Build.0 = Debug|Any CPU
		{29C1C150-16E5-4474-9864-F0D02A80EC04}.Debug|x64.ActiveCfg = Debug|Any CPU
		{29C1C150-16E5-4474-9864-F0D02A80EC04}.Debug|x64.Build.0 = Debug|Any CPU
		{29C1C150-16E5-4474-9864-F0D02A80EC04}.Debug|x86.ActiveCfg = Debug|Any CPU
		{29C1C150-16E5-4474-9864-F0D02A80EC04}.Debug|x86.Build.0 = Debug|Any CPU
		{29C1C150-16E5-4474-9864-F0D02A80EC04}.Release|Any CPU.ActiveCfg = Release|Any CPU
		{29C1C150-16E5-4474-9864-F0D02A80EC04}.Release|Any CPU.Build.0 = Release|Any CPU
		{29C1C150-16E5-4474-9864-F0D02A80EC04}.Release|ARM.ActiveCfg = Release|Any CPU
		{29C1C150-16E5-4474-9864-F0D02A80EC04}.Release|ARM.Build.0 = Release|Any CPU
		{29C1C150-16E5-4474-9864-F0D02A80EC04}.Release|iPhone.ActiveCfg = Release|Any CPU
		{29C1C150-16E5-4474-9864-F0D02A80EC04}.Release|iPhone.Build.0 = Release|Any CPU
		{29C1C150-16E5-4474-9864-F0D02A80EC04}.Release|iPhoneSimulator.ActiveCfg = Release|Any CPU
		{29C1C150-16E5-4474-9864-F0D02A80EC04}.Release|iPhoneSimulator.Build.0 = Release|Any CPU
		{29C1C150-16E5-4474-9864-F0D02A80EC04}.Release|x64.ActiveCfg = Release|Any CPU
		{29C1C150-16E5-4474-9864-F0D02A80EC04}.Release|x64.Build.0 = Release|Any CPU
		{29C1C150-16E5-4474-9864-F0D02A80EC04}.Release|x86.ActiveCfg = Release|Any CPU
		{29C1C150-16E5-4474-9864-F0D02A80EC04}.Release|x86.Build.0 = Release|Any CPU
	EndGlobalSection
	GlobalSection(SolutionProperties) = preSolution
		HideSolutionNode = FALSE
	EndGlobalSection
	GlobalSection(NestedProjects) = preSolution
		{E089F371-1AF9-4C85-B733-662C83E20C89} = {F28086D8-AD29-4F4B-AE49-26C75FC57F97}
		{5D507D47-6E5F-4FDD-8D0A-A63416C89604} = {F28086D8-AD29-4F4B-AE49-26C75FC57F97}
		{29C1C150-16E5-4474-9864-F0D02A80EC04} = {F28086D8-AD29-4F4B-AE49-26C75FC57F97}
	EndGlobalSection
EndGlobal
